{
  "name": "parity-express-camelcase-node",
  "version": "1.0.0",
  "lockfileVersion": 3,
  "requires": true,
  "packages": {
    "": {
      "name": "parity-express-camelcase-node",
      "version": "1.0.0",
      "dependencies": {
        "camelcase": "9.0.0"
      }
    },
    "node_modules/camelcase": {
      "version": "9.0.0",
      "resolved": "https://registry.npmjs.org/camelcase/-/camelcase-9.0.0.tgz",
      "integrity": "sha512-TO9xmyXTZ9HUHI8M1OnvExxYB0eYVS/1e5s7IDMTAoIcwUd+aNcFODs6Xk83mobk0velyHFQgA1yIrvYc6wclw==",
      "license": "MIT",
      "engines": {
        "node": ">=20"
      },
      "funding": {
        "url": "https://github.com/sponsors/sindresorhus"
      }
    }
  }
}
