{
  "name": "passport-httpauth-parity-upstream",
  "version": "0.0.0",
  "lockfileVersion": 3,
  "requires": true,
  "packages": {
    "": {
      "name": "passport-httpauth-parity-upstream",
      "version": "0.0.0",
      "dependencies": {
        "http-auth-utils": "7.0.1"
      }
    },
    "node_modules/http-auth-utils": {
      "version": "7.0.1",
      "resolved": "https://registry.npmjs.org/http-auth-utils/-/http-auth-utils-7.0.1.tgz",
      "integrity": "sha512-sl40BlGQOVs/CkBHqxp7FLPCDTxGQLWk+LDJfeEP6xzSb+LGkE3cHW33OlyJwOnJbl9IEVAI3HFqaGJ4x4oY9A==",
      "license": "MIT",
      "dependencies": {
        "yerror": "^11.0.0"
      },
      "engines": {
        "node": ">=24.14.0"
      },
      "funding": {
        "type": "individual",
        "url": "https://github.com/sponsors/nfroidure"
      }
    },
    "node_modules/yerror": {
      "version": "11.0.0",
      "resolved": "https://registry.npmjs.org/yerror/-/yerror-11.0.0.tgz",
      "integrity": "sha512-ZarH0yAHBjfiRJMC2eL8Fhv/l5GqnS2c1wo5V6vH7k4ehfHcKd6R1ahcyBZYORMH1cqPmOT1dANkoRjR2/pzrw==",
      "license": "MIT",
      "engines": {
        "node": ">=24.14.0"
      },
      "funding": {
        "type": "individual",
        "url": "https://github.com/sponsors/nfroidure"
      }
    }
  }
}
