{
  "name": "parity-express-prettybytes-node",
  "version": "1.0.0",
  "lockfileVersion": 3,
  "requires": true,
  "packages": {
    "": {
      "name": "parity-express-prettybytes-node",
      "version": "1.0.0",
      "dependencies": {
        "pretty-bytes": "7.1.1"
      }
    },
    "node_modules/pretty-bytes": {
      "version": "7.1.1",
      "resolved": "https://registry.npmjs.org/pretty-bytes/-/pretty-bytes-7.1.1.tgz",
      "integrity": "sha512-X+vn9z8nOFZQlxOLmfJ0iKDdMD7jYTsTW12OAlCpdoE3Igik6L37pugIZi+N3usuyp5McfgKPWi12q3zvHLeGQ==",
      "license": "MIT",
      "engines": {
        "node": ">=20"
      },
      "funding": {
        "url": "https://github.com/sponsors/sindresorhus"
      }
    }
  }
}
