{
  "name": "parity-express-filesize-node",
  "version": "1.0.0",
  "lockfileVersion": 3,
  "requires": true,
  "packages": {
    "": {
      "name": "parity-express-filesize-node",
      "version": "1.0.0",
      "dependencies": {
        "filesize": "11.0.22"
      }
    },
    "node_modules/filesize": {
      "version": "11.0.22",
      "resolved": "https://registry.npmjs.org/filesize/-/filesize-11.0.22.tgz",
      "integrity": "sha512-RlCVs9CY+oSsRnNZn95J9vDXjNjOwddKyTFjOYtA4yxYVIxBnwiVVGJX+TFhsmu3uUf81JDGyijtYL9xgawlTw==",
      "license": "BSD-3-Clause",
      "engines": {
        "node": ">= 10.8.0"
      }
    }
  }
}
