{
  "name": "parity-express-ms-node",
  "version": "1.0.0",
  "lockfileVersion": 3,
  "requires": true,
  "packages": {
    "": {
      "name": "parity-express-ms-node",
      "version": "1.0.0",
      "dependencies": {
        "ms": "4.0.0-nightly.202508271359"
      }
    },
    "node_modules/ms": {
      "version": "4.0.0-nightly.202508271359",
      "resolved": "https://registry.npmjs.org/ms/-/ms-4.0.0-nightly.202508271359.tgz",
      "integrity": "sha512-WC/Eo7NzFrOV/RRrTaI0fxKVbNCzEy76j2VqNV8SxDf9D69gSE2Lh0QwYvDlhiYmheBYExAvEAxVf5NoN0cj2A==",
      "license": "MIT",
      "engines": {
        "node": ">=20"
      }
    }
  }
}
